// !$*UTF8*$!
{
	archiveVersion = 1;
	classes = {
	};
	objectVersion = 56;
	objects = {

/* Begin PBXBuildFile section */
		526A84972B0104360001B20A /* TodayLookApp.swift in Sources */ = {isa = PBXBuildFile; fileRef = 526A84962B0104360001B20A /* TodayLookApp.swift */; };
		526A84992B0104360001B20A /* MainContentView.swift in Sources */ = {isa = PBXBuildFile; fileRef = 526A84982B0104360001B20A /* MainContentView.swift */; };
		526A849B2B0104360001B20A /* Assets.xcassets in Resources */ = {isa = PBXBuildFile; fileRef = 526A849A2B0104360001B20A /* Assets.xcassets */; };
		526A849E2B0104360001B20A /* Preview Assets.xcassets in Resources */ = {isa = PBXBuildFile; fileRef = 526A849D2B0104360001B20A /* Preview Assets.xcassets */; };
		526A84A62B0104C60001B20A /* ComposableArchitecture in Frameworks */ = {isa = PBXBuildFile; productRef = 526A84A52B0104C60001B20A /* ComposableArchitecture */; };
		FB2D7ED02B2FBBD100874323 /* Pretendard-Bold.otf in Resources */ = {isa = PBXBuildFile; fileRef = FB2D7EC72B2FBBD000874323 /* Pretendard-Bold.otf */; };
		FB2D7ED42B2FBBD100874323 /* Pretendard-Medium.otf in Resources */ = {isa = PBXBuildFile; fileRef = FB2D7ECB2B2FBBD000874323 /* Pretendard-Medium.otf */; };
		FB2D7ED62B2FBBD100874323 /* Pretendard-SemiBold.otf in Resources */ = {isa = PBXBuildFile; fileRef = FB2D7ECD2B2FBBD100874323 /* Pretendard-SemiBold.otf */; };
		FB2D7ED82B2FBBD100874323 /* Pretendard-Regular.otf in Resources */ = {isa = PBXBuildFile; fileRef = FB2D7ECF2B2FBBD100874323 /* Pretendard-Regular.otf */; };
		FB2D7EDD2B2FC1F400874323 /* Font_Extension.swift in Sources */ = {isa = PBXBuildFile; fileRef = FB2D7EDC2B2FC1F400874323 /* Font_Extension.swift */; };
		FB5C2A392B351216009F2E5B /* DimView.swift in Sources */ = {isa = PBXBuildFile; fileRef = FB5C2A382B351216009F2E5B /* DimView.swift */; };
		FB5C2A3B2B351275009F2E5B /* MainHeaderView.swift in Sources */ = {isa = PBXBuildFile; fileRef = FB5C2A3A2B351275009F2E5B /* MainHeaderView.swift */; };
		FB7DEA9E2B16C21400C22CC3 /* MainView.swift in Sources */ = {isa = PBXBuildFile; fileRef = FB7DEA9D2B16C21400C22CC3 /* MainView.swift */; };
		FB7DEAA22B16C90600C22CC3 /* BookmarkView.swift in Sources */ = {isa = PBXBuildFile; fileRef = FB7DEAA02B16C90600C22CC3 /* BookmarkView.swift */; };
		FB7DEAA32B16C90600C22CC3 /* SettingView.swift in Sources */ = {isa = PBXBuildFile; fileRef = FB7DEAA12B16C90600C22CC3 /* SettingView.swift */; };
		FB7DEAA52B171E3400C22CC3 /* WeeklyWeatherView.swift in Sources */ = {isa = PBXBuildFile; fileRef = FB7DEAA42B171E3400C22CC3 /* WeeklyWeatherView.swift */; };
		FB7DEAA82B17286500C22CC3 /* Color_Extension.swift in Sources */ = {isa = PBXBuildFile; fileRef = FB7DEAA72B17286500C22CC3 /* Color_Extension.swift */; };
		FBF4C16A2B1F055C004781D0 /* MainSheetView.swift in Sources */ = {isa = PBXBuildFile; fileRef = FBF4C1692B1F055C004781D0 /* MainSheetView.swift */; };
/* End PBXBuildFile section */

/* Begin PBXFileReference section */
		526A84932B0104360001B20A /* TodayLook.app */ = {isa = PBXFileReference; explicitFileType = wrapper.application; includeInIndex = 0; path = TodayLook.app; sourceTree = BUILT_PRODUCTS_DIR; };
		526A84962B0104360001B20A /* TodayLookApp.swift */ = {isa = PBXFileReference; lastKnownFileType = sourcecode.swift; path = TodayLookApp.swift; sourceTree = "<group>"; };
		526A84982B0104360001B20A /* MainContentView.swift */ = {isa = PBXFileReference; lastKnownFileType = sourcecode.swift; path = MainContentView.swift; sourceTree = "<group>"; };
		526A849A2B0104360001B20A /* Assets.xcassets */ = {isa = PBXFileReference; lastKnownFileType = folder.assetcatalog; path = Assets.xcassets; sourceTree = "<group>"; };
		526A849D2B0104360001B20A /* Preview Assets.xcassets */ = {isa = PBXFileReference; lastKnownFileType = folder.assetcatalog; path = "Preview Assets.xcassets"; sourceTree = "<group>"; };
		FB2D7EC72B2FBBD000874323 /* Pretendard-Bold.otf */ = {isa = PBXFileReference; lastKnownFileType = file; path = "Pretendard-Bold.otf"; sourceTree = "<group>"; };
		FB2D7ECB2B2FBBD000874323 /* Pretendard-Medium.otf */ = {isa = PBXFileReference; lastKnownFileType = file; path = "Pretendard-Medium.otf"; sourceTree = "<group>"; };
		FB2D7ECD2B2FBBD100874323 /* Pretendard-SemiBold.otf */ = {isa = PBXFileReference; lastKnownFileType = file; path = "Pretendard-SemiBold.otf"; sourceTree = "<group>"; };
		FB2D7ECF2B2FBBD100874323 /* Pretendard-Regular.otf */ = {isa = PBXFileReference; lastKnownFileType = file; path = "Pretendard-Regular.otf"; sourceTree = "<group>"; };
		FB2D7ED92B2FBCF000874323 /* Info.plist */ = {isa = PBXFileReference; lastKnownFileType = text.plist; path = Info.plist; sourceTree = "<group>"; };
		FB2D7EDC2B2FC1F400874323 /* Font_Extension.swift */ = {isa = PBXFileReference; lastKnownFileType = sourcecode.swift; path = Font_Extension.swift; sourceTree = "<group>"; };
		FB5C2A382B351216009F2E5B /* DimView.swift */ = {isa = PBXFileReference; fileEncoding = 4; lastKnownFileType = sourcecode.swift; path = DimView.swift; sourceTree = "<group>"; };
		FB5C2A3A2B351275009F2E5B /* MainHeaderView.swift */ = {isa = PBXFileReference; fileEncoding = 4; lastKnownFileType = sourcecode.swift; path = MainHeaderView.swift; sourceTree = "<group>"; };
		FB7DEA9D2B16C21400C22CC3 /* MainView.swift */ = {isa = PBXFileReference; lastKnownFileType = sourcecode.swift; path = MainView.swift; sourceTree = "<group>"; };
		FB7DEAA02B16C90600C22CC3 /* BookmarkView.swift */ = {isa = PBXFileReference; fileEncoding = 4; lastKnownFileType = sourcecode.swift; path = BookmarkView.swift; sourceTree = "<group>"; };
		FB7DEAA12B16C90600C22CC3 /* SettingView.swift */ = {isa = PBXFileReference; fileEncoding = 4; lastKnownFileType = sourcecode.swift; path = SettingView.swift; sourceTree = "<group>"; };
		FB7DEAA42B171E3400C22CC3 /* WeeklyWeatherView.swift */ = {isa = PBXFileReference; lastKnownFileType = sourcecode.swift; path = WeeklyWeatherView.swift; sourceTree = "<group>"; };
		FB7DEAA72B17286500C22CC3 /* Color_Extension.swift */ = {isa = PBXFileReference; lastKnownFileType = sourcecode.swift; path = Color_Extension.swift; sourceTree = "<group>"; };
		FBF4C1692B1F055C004781D0 /* MainSheetView.swift */ = {isa = PBXFileReference; lastKnownFileType = sourcecode.swift; path = MainSheetView.swift; sourceTree = "<group>"; };
/* End PBXFileReference section */

/* Begin PBXFrameworksBuildPhase section */
		526A84902B0104360001B20A /* Frameworks */ = {
			isa = PBXFrameworksBuildPhase;
			buildActionMask = 2147483647;
			files = (
				526A84A62B0104C60001B20A /* ComposableArchitecture in Frameworks */,
			);
			runOnlyForDeploymentPostprocessing = 0;
		};
/* End PBXFrameworksBuildPhase section */

/* Begin PBXGroup section */
		526A848A2B0104360001B20A = {
			isa = PBXGroup;
			children = (
				526A84952B0104360001B20A /* TodayLook */,
				526A84942B0104360001B20A /* Products */,
			);
			sourceTree = "<group>";
		};
		526A84942B0104360001B20A /* Products */ = {
			isa = PBXGroup;
			children = (
				526A84932B0104360001B20A /* TodayLook.app */,
			);
			name = Products;
			sourceTree = "<group>";
		};
		526A84952B0104360001B20A /* TodayLook */ = {
			isa = PBXGroup;
			children = (
				FB2D7ED92B2FBCF000874323 /* Info.plist */,
				526A84962B0104360001B20A /* TodayLookApp.swift */,
				526A84982B0104360001B20A /* MainContentView.swift */,
				FB7DEAA62B1726B000C22CC3 /* Extension */,
				FB7DEA982B16BD5900C22CC3 /* UI */,
				FB2D7EC52B2FB78B00874323 /* Util */,
				526A849A2B0104360001B20A /* Assets.xcassets */,
				526A849C2B0104360001B20A /* Preview Content */,
			);
			path = TodayLook;
			sourceTree = "<group>";
		};
		526A849C2B0104360001B20A /* Preview Content */ = {
			isa = PBXGroup;
			children = (
				526A849D2B0104360001B20A /* Preview Assets.xcassets */,
			);
			path = "Preview Content";
			sourceTree = "<group>";
		};
		FB02FDD42B180D3500E551DF /* SettingContents */ = {
			isa = PBXGroup;
			children = (
				FB7DEAA12B16C90600C22CC3 /* SettingView.swift */,
			);
			path = SettingContents;
			sourceTree = "<group>";
		};
		FB02FDD52B180D5300E551DF /* BookmarkContents */ = {
			isa = PBXGroup;
			children = (
				FB7DEAA02B16C90600C22CC3 /* BookmarkView.swift */,
			);
			path = BookmarkContents;
			sourceTree = "<group>";
		};
		FB2D7EC52B2FB78B00874323 /* Util */ = {
			isa = PBXGroup;
			children = (
				FB2D7EC62B2FB99E00874323 /* Font */,
			);
			path = Util;
			sourceTree = "<group>";
		};
		FB2D7EC62B2FB99E00874323 /* Font */ = {
			isa = PBXGroup;
			children = (
				FB2D7EC72B2FBBD000874323 /* Pretendard-Bold.otf */,
				FB2D7ECB2B2FBBD000874323 /* Pretendard-Medium.otf */,
				FB2D7ECF2B2FBBD100874323 /* Pretendard-Regular.otf */,
				FB2D7ECD2B2FBBD100874323 /* Pretendard-SemiBold.otf */,
			);
			path = Font;
			sourceTree = "<group>";
		};
		FB5C2A372B351216009F2E5B /* Common */ = {
			isa = PBXGroup;
			children = (
				FB5C2A382B351216009F2E5B /* DimView.swift */,
			);
			path = Common;
			sourceTree = "<group>";
		};
		FB7DEA982B16BD5900C22CC3 /* UI */ = {
			isa = PBXGroup;
			children = (
				FB5C2A372B351216009F2E5B /* Common */,
				FB7DEA9F2B16C41A00C22CC3 /* MainContents */,
				FB02FDD52B180D5300E551DF /* BookmarkContents */,
				FB02FDD42B180D3500E551DF /* SettingContents */,
			);
			path = UI;
			sourceTree = "<group>";
		};
		FB7DEA9A2B16BE4300C22CC3 /* Contents */ = {
			isa = PBXGroup;
			children = (
				FB5C2A3A2B351275009F2E5B /* MainHeaderView.swift */,
				FB7DEA9D2B16C21400C22CC3 /* MainView.swift */,
				FBF4C1692B1F055C004781D0 /* MainSheetView.swift */,
				FB7DEAA42B171E3400C22CC3 /* WeeklyWeatherView.swift */,
			);
			path = Contents;
			sourceTree = "<group>";
		};
		FB7DEA9F2B16C41A00C22CC3 /* MainContents */ = {
			isa = PBXGroup;
			children = (
				FB7DEA9A2B16BE4300C22CC3 /* Contents */,
			);
			path = MainContents;
			sourceTree = "<group>";
		};
		FB7DEAA62B1726B000C22CC3 /* Extension */ = {
			isa = PBXGroup;
			children = (
				FB7DEAA72B17286500C22CC3 /* Color_Extension.swift */,
				FB2D7EDC2B2FC1F400874323 /* Font_Extension.swift */,
			);
			path = Extension;
			sourceTree = "<group>";
		};
/* End PBXGroup section */

/* Begin PBXNativeTarget section */
		526A84922B0104360001B20A /* TodayLook */ = {
			isa = PBXNativeTarget;
			buildConfigurationList = 526A84A12B0104360001B20A /* Build configuration list for PBXNativeTarget "TodayLook" */;
			buildPhases = (
				526A848F2B0104360001B20A /* Sources */,
				526A84902B0104360001B20A /* Frameworks */,
				526A84912B0104360001B20A /* Resources */,
			);
			buildRules = (
			);
			dependencies = (
			);
			name = TodayLook;
			packageProductDependencies = (
				526A84A52B0104C60001B20A /* ComposableArchitecture */,
			);
			productName = TodayLook;
			productReference = 526A84932B0104360001B20A /* TodayLook.app */;
			productType = "com.apple.product-type.application";
		};
/* End PBXNativeTarget section */

/* Begin PBXProject section */
		526A848B2B0104360001B20A /* Project object */ = {
			isa = PBXProject;
			attributes = {
				BuildIndependentTargetsInParallel = 1;
				LastSwiftUpdateCheck = 1420;
				LastUpgradeCheck = 1420;
				TargetAttributes = {
					526A84922B0104360001B20A = {
						CreatedOnToolsVersion = 14.2;
					};
				};
			};
			buildConfigurationList = 526A848E2B0104360001B20A /* Build configuration list for PBXProject "TodayLook" */;
			compatibilityVersion = "Xcode 14.0";
			developmentRegion = en;
			hasScannedForEncodings = 0;
			knownRegions = (
				en,
				Base,
			);
			mainGroup = 526A848A2B0104360001B20A;
			packageReferences = (
				526A84A42B0104C60001B20A /* XCRemoteSwiftPackageReference "swift-composable-architecture" */,
			);
			productRefGroup = 526A84942B0104360001B20A /* Products */;
			projectDirPath = "";
			projectRoot = "";
			targets = (
				526A84922B0104360001B20A /* TodayLook */,
			);
		};
/* End PBXProject section */

/* Begin PBXResourcesBuildPhase section */
		526A84912B0104360001B20A /* Resources */ = {
			isa = PBXResourcesBuildPhase;
			buildActionMask = 2147483647;
			files = (
				FB2D7ED42B2FBBD100874323 /* Pretendard-Medium.otf in Resources */,
				526A849E2B0104360001B20A /* Preview Assets.xcassets in Resources */,
				FB2D7ED02B2FBBD100874323 /* Pretendard-Bold.otf in Resources */,
				FB2D7ED62B2FBBD100874323 /* Pretendard-SemiBold.otf in Resources */,
				FB2D7ED82B2FBBD100874323 /* Pretendard-Regular.otf in Resources */,
				526A849B2B0104360001B20A /* Assets.xcassets in Resources */,
			);
			runOnlyForDeploymentPostprocessing = 0;
		};
/* End PBXResourcesBuildPhase section */

/* Begin PBXSourcesBuildPhase section */
		526A848F2B0104360001B20A /* Sources */ = {
			isa = PBXSourcesBuildPhase;
			buildActionMask = 2147483647;
			files = (
				FB7DEAA22B16C90600C22CC3 /* BookmarkView.swift in Sources */,
				FB7DEAA32B16C90600C22CC3 /* SettingView.swift in Sources */,
				FB7DEAA82B17286500C22CC3 /* Color_Extension.swift in Sources */,
				FB5C2A392B351216009F2E5B /* DimView.swift in Sources */,
				526A84992B0104360001B20A /* MainContentView.swift in Sources */,
				FB2D7EDD2B2FC1F400874323 /* Font_Extension.swift in Sources */,
				FB5C2A3B2B351275009F2E5B /* MainHeaderView.swift in Sources */,
				526A84972B0104360001B20A /* TodayLookApp.swift in Sources */,
				FB7DEAA52B171E3400C22CC3 /* WeeklyWeatherView.swift in Sources */,
				FB7DEA9E2B16C21400C22CC3 /* MainView.swift in Sources */,
				FBF4C16A2B1F055C004781D0 /* MainSheetView.swift in Sources */,
			);
			runOnlyForDeploymentPostprocessing = 0;
		};
/* End PBXSourcesBuildPhase section */

/* Begin XCBuildConfiguration section */
		526A849F2B0104360001B20A /* Debug */ = {
			isa = XCBuildConfiguration;
			buildSettings = {
				ALWAYS_SEARCH_USER_PATHS = NO;
				CLANG_ANALYZER_NONNULL = YES;
				CLANG_ANALYZER_NUMBER_OBJECT_CONVERSION = YES_AGGRESSIVE;
				CLANG_CXX_LANGUAGE_STANDARD = "gnu++20";
				CLANG_ENABLE_MODULES = YES;
				CLANG_ENABLE_OBJC_ARC = YES;
				CLANG_ENABLE_OBJC_WEAK = YES;
				CLANG_WARN_BLOCK_CAPTURE_AUTORELEASING = YES;
				CLANG_WARN_BOOL_CONVERSION = YES;
				CLANG_WARN_COMMA = YES;
				CLANG_WARN_CONSTANT_CONVERSION = YES;
				CLANG_WARN_DEPRECATED_OBJC_IMPLEMENTATIONS = YES;
				CLANG_WARN_DIRECT_OBJC_ISA_USAGE = YES_ERROR;
				CLANG_WARN_DOCUMENTATION_COMMENTS = YES;
				CLANG_WARN_EMPTY_BODY = YES;
				CLANG_WARN_ENUM_CONVERSION = YES;
				CLANG_WARN_INFINITE_RECURSION = YES;
				CLANG_WARN_INT_CONVERSION = YES;
				CLANG_WARN_NON_LITERAL_NULL_CONVERSION = YES;
				CLANG_WARN_OBJC_IMPLICIT_RETAIN_SELF = YES;
				CLANG_WARN_OBJC_LITERAL_CONVERSION = YES;
				CLANG_WARN_OBJC_ROOT_CLASS = YES_ERROR;
				CLANG_WARN_QUOTED_INCLUDE_IN_FRAMEWORK_HEADER = YES;
				CLANG_WARN_RANGE_LOOP_ANALYSIS = YES;
				CLANG_WARN_STRICT_PROTOTYPES = YES;
				CLANG_WARN_SUSPICIOUS_MOVE = YES;
				CLANG_WARN_UNGUARDED_AVAILABILITY = YES_AGGRESSIVE;
				CLANG_WARN_UNREACHABLE_CODE = YES;
				CLANG_WARN__DUPLICATE_METHOD_MATCH = YES;
				COPY_PHASE_STRIP = NO;
				DEBUG_INFORMATION_FORMAT = dwarf;
				ENABLE_STRICT_OBJC_MSGSEND = YES;
				ENABLE_TESTABILITY = YES;
				GCC_C_LANGUAGE_STANDARD = gnu11;
				GCC_DYNAMIC_NO_PIC = NO;
				GCC_NO_COMMON_BLOCKS = YES;
				GCC_OPTIMIZATION_LEVEL = 0;
				GCC_PREPROCESSOR_DEFINITIONS = (
					"DEBUG=1",
					"$(inherited)",
				);
				GCC_WARN_64_TO_32_BIT_CONVERSION = YES;
				GCC_WARN_ABOUT_RETURN_TYPE = YES_ERROR;
				GCC_WARN_UNDECLARED_SELECTOR = YES;
				GCC_WARN_UNINITIALIZED_AUTOS = YES_AGGRESSIVE;
				GCC_WARN_UNUSED_FUNCTION = YES;
				GCC_WARN_UNUSED_VARIABLE = YES;
				IPHONEOS_DEPLOYMENT_TARGET = 16.4;
				MTL_ENABLE_DEBUG_INFO = INCLUDE_SOURCE;
				MTL_FAST_MATH = YES;
				ONLY_ACTIVE_ARCH = YES;
				SDKROOT = iphoneos;
				SWIFT_ACTIVE_COMPILATION_CONDITIONS = DEBUG;
				SWIFT_OPTIMIZATION_LEVEL = "-Onone";
			};
			name = Debug;
		};
		526A84A02B0104360001B20A /* Release */ = {
			isa = XCBuildConfiguration;
			buildSettings = {
				ALWAYS_SEARCH_USER_PATHS = NO;
				CLANG_ANALYZER_NONNULL = YES;
				CLANG_ANALYZER_NUMBER_OBJECT_CONVERSION = YES_AGGRESSIVE;
				CLANG_CXX_LANGUAGE_STANDARD = "gnu++20";
				CLANG_ENABLE_MODULES = YES;
				CLANG_ENABLE_OBJC_ARC = YES;
				CLANG_ENABLE_OBJC_WEAK = YES;
				CLANG_WARN_BLOCK_CAPTURE_AUTORELEASING = YES;
				CLANG_WARN_BOOL_CONVERSION = YES;
				CLANG_WARN_COMMA = YES;
				CLANG_WARN_CONSTANT_CONVERSION = YES;
				CLANG_WARN_DEPRECATED_OBJC_IMPLEMENTATIONS = YES;
				CLANG_WARN_DIRECT_OBJC_ISA_USAGE = YES_ERROR;
				CLANG_WARN_DOCUMENTATION_COMMENTS = YES;
				CLANG_WARN_EMPTY_BODY = YES;
				CLANG_WARN_ENUM_CONVERSION = YES;
				CLANG_WARN_INFINITE_RECURSION = YES;
				CLANG_WARN_INT_CONVERSION = YES;
				CLANG_WARN_NON_LITERAL_NULL_CONVERSION = YES;
				CLANG_WARN_OBJC_IMPLICIT_RETAIN_SELF = YES;
				CLANG_WARN_OBJC_LITERAL_CONVERSION = YES;
				CLANG_WARN_OBJC_ROOT_CLASS = YES_ERROR;
				CLANG_WARN_QUOTED_INCLUDE_IN_FRAMEWORK_HEADER = YES;
				CLANG_WARN_RANGE_LOOP_ANALYSIS = YES;
				CLANG_WARN_STRICT_PROTOTYPES = YES;
				CLANG_WARN_SUSPICIOUS_MOVE = YES;
				CLANG_WARN_UNGUARDED_AVAILABILITY = YES_AGGRESSIVE;
				CLANG_WARN_UNREACHABLE_CODE = YES;
				CLANG_WARN__DUPLICATE_METHOD_MATCH = YES;
				COPY_PHASE_STRIP = NO;
				DEBUG_INFORMATION_FORMAT = "dwarf-with-dsym";
				ENABLE_NS_ASSERTIONS = NO;
				ENABLE_STRICT_OBJC_MSGSEND = YES;
				GCC_C_LANGUAGE_STANDARD = gnu11;
				GCC_NO_COMMON_BLOCKS = YES;
				GCC_WARN_64_TO_32_BIT_CONVERSION = YES;
				GCC_WARN_ABOUT_RETURN_TYPE = YES_ERROR;
				GCC_WARN_UNDECLARED_SELECTOR = YES;
				GCC_WARN_UNINITIALIZED_AUTOS = YES_AGGRESSIVE;
				GCC_WARN_UNUSED_FUNCTION = YES;
				GCC_WARN_UNUSED_VARIABLE = YES;
				IPHONEOS_DEPLOYMENT_TARGET = 16.4;
				MTL_ENABLE_DEBUG_INFO = NO;
				MTL_FAST_MATH = YES;
				SDKROOT = iphoneos;
				SWIFT_COMPILATION_MODE = wholemodule;
				SWIFT_OPTIMIZATION_LEVEL = "-O";
				VALIDATE_PRODUCT = YES;
			};
			name = Release;
		};
		526A84A22B0104360001B20A /* Debug */ = {
			isa = XCBuildConfiguration;
			buildSettings = {
				ASSETCATALOG_COMPILER_APPICON_NAME = AppIcon;
				ASSETCATALOG_COMPILER_GLOBAL_ACCENT_COLOR_NAME = AccentColor;
				CODE_SIGN_STYLE = Automatic;
				CURRENT_PROJECT_VERSION = 1;
				DEVELOPMENT_ASSET_PATHS = "\"TodayLook/Preview Content\"";
				DEVELOPMENT_TEAM = 833DD2H3KD;
				ENABLE_PREVIEWS = YES;
				GENERATE_INFOPLIST_FILE = YES;
				INFOPLIST_FILE = TodayLook/Info.plist;
				INFOPLIST_KEY_UIApplicationSceneManifest_Generation = YES;
				INFOPLIST_KEY_UIApplicationSupportsIndirectInputEvents = YES;
				INFOPLIST_KEY_UILaunchScreen_Generation = YES;
				INFOPLIST_KEY_UISupportedInterfaceOrientations_iPad = "UIInterfaceOrientationPortrait UIInterfaceOrientationPortraitUpsideDown UIInterfaceOrientationLandscapeLeft UIInterfaceOrientationLandscapeRight";
				INFOPLIST_KEY_UISupportedInterfaceOrientations_iPhone = "UIInterfaceOrientationPortrait UIInterfaceOrientationLandscapeLeft UIInterfaceOrientationLandscapeRight";
				LD_RUNPATH_SEARCH_PATHS = (
					"$(inherited)",
					"@executable_path/Frameworks",
				);
				MARKETING_VERSION = 1.0;
				PRODUCT_BUNDLE_IDENTIFIER = zeroOfKim.TodayLook;
				PRODUCT_NAME = "$(TARGET_NAME)";
				SWIFT_EMIT_LOC_STRINGS = YES;
				SWIFT_VERSION = 5.0;
				TARGETED_DEVICE_FAMILY = "1,2";
			};
			name = Debug;
		};
		526A84A32B0104360001B20A /* Release */ = {
			isa = XCBuildConfiguration;
			buildSettings = {
				ASSETCATALOG_COMPILER_APPICON_NAME = AppIcon;
				ASSETCATALOG_COMPILER_GLOBAL_ACCENT_COLOR_NAME = AccentColor;
				CODE_SIGN_STYLE = Automatic;
				CURRENT_PROJECT_VERSION = 1;
				DEVELOPMENT_ASSET_PATHS = "\"TodayLook/Preview Content\"";
				DEVELOPMENT_TEAM = 833DD2H3KD;
				ENABLE_PREVIEWS = YES;
				GENERATE_INFOPLIST_FILE = YES;
				INFOPLIST_FILE = TodayLook/Info.plist;
				INFOPLIST_KEY_UIApplicationSceneManifest_Generation = YES;
				INFOPLIST_KEY_UIApplicationSupportsIndirectInputEvents = YES;
				INFOPLIST_KEY_UILaunchScreen_Generation = YES;
				INFOPLIST_KEY_UISupportedInterfaceOrientations_iPad = "UIInterfaceOrientationPortrait UIInterfaceOrientationPortraitUpsideDown UIInterfaceOrientationLandscapeLeft UIInterfaceOrientationLandscapeRight";
				INFOPLIST_KEY_UISupportedInterfaceOrientations_iPhone = "UIInterfaceOrientationPortrait UIInterfaceOrientationLandscapeLeft UIInterfaceOrientationLandscapeRight";
				LD_RUNPATH_SEARCH_PATHS = (
					"$(inherited)",
					"@executable_path/Frameworks",
				);
				MARKETING_VERSION = 1.0;
				PRODUCT_BUNDLE_IDENTIFIER = zeroOfKim.TodayLook;
				PRODUCT_NAME = "$(TARGET_NAME)";
				SWIFT_EMIT_LOC_STRINGS = YES;
				SWIFT_VERSION = 5.0;
				TARGETED_DEVICE_FAMILY = "1,2";
			};
			name = Release;
		};
/* End XCBuildConfiguration section */

/* Begin XCConfigurationList section */
		526A848E2B0104360001B20A /* Build configuration list for PBXProject "TodayLook" */ = {
			isa = XCConfigurationList;
			buildConfigurations = (
				526A849F2B0104360001B20A /* Debug */,
				526A84A02B0104360001B20A /* Release */,
			);
			defaultConfigurationIsVisible = 0;
			defaultConfigurationName = Release;
		};
		526A84A12B0104360001B20A /* Build configuration list for PBXNativeTarget "TodayLook" */ = {
			isa = XCConfigurationList;
			buildConfigurations = (
				526A84A22B0104360001B20A /* Debug */,
				526A84A32B0104360001B20A /* Release */,
			);
			defaultConfigurationIsVisible = 0;
			defaultConfigurationName = Release;
		};
/* End XCConfigurationList section */

/* Begin XCRemoteSwiftPackageReference section */
		526A84A42B0104C60001B20A /* XCRemoteSwiftPackageReference "swift-composable-architecture" */ = {
			isa = XCRemoteSwiftPackageReference;
			repositoryURL = "https://github.com/pointfreeco/swift-composable-architecture.git";
			requirement = {
				kind = upToNextMajorVersion;
				minimumVersion = 1.0.0;
			};
		};
/* End XCRemoteSwiftPackageReference section */

/* Begin XCSwiftPackageProductDependency section */
		526A84A52B0104C60001B20A /* ComposableArchitecture */ = {
			isa = XCSwiftPackageProductDependency;
			package = 526A84A42B0104C60001B20A /* XCRemoteSwiftPackageReference "swift-composable-architecture" */;
			productName = ComposableArchitecture;
		};
/* End XCSwiftPackageProductDependency section */
	};
	rootObject = 526A848B2B0104360001B20A /* Project object */;
}
